
Microsoft Visual Studio Solution File, Format Version 12.00
# Visual Studio Version 16
VisualStudioVersion = 16.0.28803.352
MinimumVisualStudioVersion = 10.0.40219.1
Project("{FAE04EC0-301F-11D3-BF4B-00C04F79EFBC}") = "AspNetCore.SignalR.Client.Net20", "AspNetCore.SignalR.Client.Net20\AspNetCore.SignalR.Client.Net20.csproj", "{AAD5BA33-E5DE-406A-BF8E-2B60239591F7}"
EndProject
Project("{9A19103F-16F7-4668-BE54-9A1E7A4F7556}") = "DemoServer", "DemoServer\DemoServer.csproj", "{9F74BF9E-B72B-4ACE-8E5F-DE5AD5D99162}"
EndProject
Project("{FAE04EC0-301F-11D3-BF4B-00C04F79EFBC}") = "DemoClient", "DemoClient\DemoClient.csproj", "{3004561E-AB31-4CB9-84A0-73403AD7E5E5}"
EndProject
Global
	GlobalSection(SolutionConfigurationPlatforms) = preSolution
		Debug|Any CPU = Debug|Any CPU
		Release|Any CPU = Release|Any CPU
	EndGlobalSection
	GlobalSection(ProjectConfigurationPlatforms) = postSolution
		{AAD5BA33-E5DE-406A-BF8E-2B60239591F7}.Debug|Any CPU.ActiveCfg = Debug|Any CPU
		{AAD5BA33-E5DE-406A-BF8E-2B60239591F7}.Debug|Any CPU.Build.0 = Debug|Any CPU
		{AAD5BA33-E5DE-406A-BF8E-2B60239591F7}.Release|Any CPU.ActiveCfg = Release|Any CPU
		{AAD5BA33-E5DE-406A-BF8E-2B60239591F7}.Release|Any CPU.Build.0 = Release|Any CPU
		{9F74BF9E-B72B-4ACE-8E5F-DE5AD5D99162}.Debug|Any CPU.ActiveCfg = Debug|Any CPU
		{9F74BF9E-B72B-4ACE-8E5F-DE5AD5D99162}.Debug|Any CPU.Build.0 = Debug|Any CPU
		{9F74BF9E-B72B-4ACE-8E5F-DE5AD5D99162}.Release|Any CPU.ActiveCfg = Release|Any CPU
		{9F74BF9E-B72B-4ACE-8E5F-DE5AD5D99162}.Release|Any CPU.Build.0 = Release|Any CPU
		{3004561E-AB31-4CB9-84A0-73403AD7E5E5}.Debug|Any CPU.ActiveCfg = Debug|Any CPU
		{3004561E-AB31-4CB9-84A0-73403AD7E5E5}.Debug|Any CPU.Build.0 = Debug|Any CPU
		{3004561E-AB31-4CB9-84A0-73403AD7E5E5}.Release|Any CPU.ActiveCfg = Release|Any CPU
		{3004561E-AB31-4CB9-84A0-73403AD7E5E5}.Release|Any CPU.Build.0 = Release|Any CPU
	EndGlobalSection
	GlobalSection(SolutionProperties) = preSolution
		HideSolutionNode = FALSE
	EndGlobalSection
	GlobalSection(ExtensibilityGlobals) = postSolution
		SolutionGuid = {617FE127-BBEF-4695-8B6D-7DA7836987D5}
	EndGlobalSection
EndGlobal
